<?xml version="1.0" encoding="utf-8"?>
<Project ToolsVersion="4.0" xmlns="http://schemas.microsoft.com/developer/msbuild/2003">
  <ItemGroup>
    <ClCompile Include="FeatureDemo.cpp" />
    <ClCompile Include="FeatureDemoControls.cpp" />
    <ClCompile Include="FeatureDemoSceneRenderer.cpp" />
    <ClCompile Include="..\Externals\pugixml-1.8\src\pugixml.cpp">
      <Filter>Externals\pugixml</Filter>
    </ClCompile>
    <ClCompile Include="SceneMitsubaExporter.cpp" />
    <ClCompile Include="SugarSceneEditor.cpp" />
    <ClCompile Include="Graphics\AreaLight.cpp">
      <Filter>Graphics</Filter>
    </ClCompile>
    <ClCompile Include="Utils\Geometry\Private\Geometry.cpp">
      <Filter>Utils\Geometry\Private</Filter>
    </ClCompile>
    <ClCompile Include="Utils\Geometry\GeometryUtility.cpp">
      <Filter>Utils\Geometry</Filter>
    </ClCompile>
  </ItemGroup>
  <ItemGroup>
    <ClInclude Include="FeatureDemo.h" />
    <ClInclude Include="FeatureDemoSceneRenderer.h" />
    <ClInclude Include="..\Externals\pugixml-1.8\src\pugiconfig.hpp">
      <Filter>Externals\pugixml</Filter>
    </ClInclude>
    <ClInclude Include="..\Externals\pugixml-1.8\src\pugixml.hpp">
      <Filter>Externals\pugixml</Filter>
    </ClInclude>
    <ClInclude Include="SceneMitsubaExporter.h" />
    <ClInclude Include="SugarSceneEditor.h" />
    <ClInclude Include="Graphics\AreaLight.h">
      <Filter>Graphics</Filter>
    </ClInclude>
    <ClInclude Include="Utils\Geometry\Private\Bezier.h">
      <Filter>Utils\Geometry\Private</Filter>
    </ClInclude>
    <ClInclude Include="Utils\Geometry\Private\Geometry.h">
      <Filter>Utils\Geometry\Private</Filter>
    </ClInclude>
    <ClInclude Include="Utils\Geometry\GeometryUtility.h">
      <Filter>Utils\Geometry</Filter>
    </ClInclude>
  </ItemGroup>
  <ItemGroup>
    <Filter Include="Data">
      <UniqueIdentifier>{392d281b-8330-4036-9268-e190dc6c5dc0}</UniqueIdentifier>
    </Filter>
    <Filter Include="Externals">
      <UniqueIdentifier>{3e1a7f80-f941-458b-b086-508ad85922b3}</UniqueIdentifier>
    </Filter>
    <Filter Include="Externals\pugixml">
      <UniqueIdentifier>{13991e37-0094-4c93-9d7f-129c4d04aa79}</UniqueIdentifier>
    </Filter>
    <Filter Include="Graphics">
      <UniqueIdentifier>{785f4799-0732-4cde-bc51-bc064d5d75e8}</UniqueIdentifier>
    </Filter>
    <Filter Include="Utils">
      <UniqueIdentifier>{f3c2f34e-eeb1-4eca-a8e8-a38c29a78b9f}</UniqueIdentifier>
    </Filter>
    <Filter Include="Utils\Geometry">
      <UniqueIdentifier>{2eaa0929-3736-4918-85e2-15962ea51158}</UniqueIdentifier>
    </Filter>
    <Filter Include="Utils\Geometry\Private">
      <UniqueIdentifier>{43bc3504-be9d-4d30-88e1-a8af93175b9a}</UniqueIdentifier>
    </Filter>
    <Filter Include="Data\Sugar">
      <UniqueIdentifier>{6f88b80d-04e8-4802-9f60-30517f862869}</UniqueIdentifier>
    </Filter>
  </ItemGroup>
  <ItemGroup>
    <None Include="Data\FeatureDemoCommon.hlsli">
      <Filter>Data</Filter>
    </None>
    <None Include="Data\FeatureDemo.ps.slang">
      <Filter>Data</Filter>
    </None>
    <None Include="Data\FeatureDemo.vs.slang">
      <Filter>Data</Filter>
    </None>
    <None Include="Data\ApplyAO.ps.slang">
      <Filter>Data</Filter>
    </None>
    <None Include="Data\DepthPass.vs.slang">
      <Filter>Data</Filter>
    </None>
    <None Include="Data\DepthPass.ps.slang">
      <Filter>Data</Filter>
    </None>
    <None Include="Utils\Geometry\Private\TeapotData.inc">
      <Filter>Utils\Geometry\Private</Filter>
    </None>
    <None Include="Data\SugarBSDFs.slang">
      <Filter>Data\Sugar</Filter>
    </None>
    <None Include="Data\SugarLights.slang">
      <Filter>Data\Sugar</Filter>
    </None>
    <None Include="Data\SugarShading.slang">
      <Filter>Data\Sugar</Filter>
    </None>
  </ItemGroup>
</Project>